// !$*UTF8*$!
{
	archiveVersion = 1;
	classes = {
	};
	objectVersion = 50;
	objects = {

/* Begin PBXBuildFile section */
		8640302A2330602B00EE6881 /* CharacterViewModel.swift in Sources */ = {isa = PBXBuildFile; fileRef = 864030292330602B00EE6881 /* CharacterViewModel.swift */; };
		8640302C2330609600EE6881 /* Planet.swift in Sources */ = {isa = PBXBuildFile; fileRef = 8640302B2330609600EE6881 /* Planet.swift */; };
		8640302E233060CF00EE6881 /* CraftType.swift in Sources */ = {isa = PBXBuildFile; fileRef = 8640302D233060CF00EE6881 /* CraftType.swift */; };
		86403030233060EE00EE6881 /* Craft.swift in Sources */ = {isa = PBXBuildFile; fileRef = 8640302F233060EE00EE6881 /* Craft.swift */; };
		864030322330611F00EE6881 /* CraftViewModel.swift in Sources */ = {isa = PBXBuildFile; fileRef = 864030312330611F00EE6881 /* CraftViewModel.swift */; };
		86907265232F969900D715E0 /* Character.swift in Sources */ = {isa = PBXBuildFile; fileRef = 86907264232F969900D715E0 /* Character.swift */; };
		86907267232F976200D715E0 /* Vehicle.swift in Sources */ = {isa = PBXBuildFile; fileRef = 86907266232F976200D715E0 /* Vehicle.swift */; };
		8690726A232F982300D715E0 /* Starship.swift in Sources */ = {isa = PBXBuildFile; fileRef = 86907269232F982300D715E0 /* Starship.swift */; };
		86B609B8232F0B8000298EEA /* AppDelegate.swift in Sources */ = {isa = PBXBuildFile; fileRef = 86B609B7232F0B8000298EEA /* AppDelegate.swift */; };
		86B609BA232F0B8000298EEA /* ViewController.swift in Sources */ = {isa = PBXBuildFile; fileRef = 86B609B9232F0B8000298EEA /* ViewController.swift */; };
		86B609BD232F0B8000298EEA /* Main.storyboard in Resources */ = {isa = PBXBuildFile; fileRef = 86B609BB232F0B8000298EEA /* Main.storyboard */; };
		86B609BF232F0B8200298EEA /* Assets.xcassets in Resources */ = {isa = PBXBuildFile; fileRef = 86B609BE232F0B8200298EEA /* Assets.xcassets */; };
		86B609C2232F0B8200298EEA /* LaunchScreen.storyboard in Resources */ = {isa = PBXBuildFile; fileRef = 86B609C0232F0B8200298EEA /* LaunchScreen.storyboard */; };
		86DF3CFE233511ED00CE2A86 /* StarWarsAPIClient.swift in Sources */ = {isa = PBXBuildFile; fileRef = 86DF3CFD233511ED00CE2A86 /* StarWarsAPIClient.swift */; };
		86DF3D002335125500CE2A86 /* Endpoint.swift in Sources */ = {isa = PBXBuildFile; fileRef = 86DF3CFF2335125500CE2A86 /* Endpoint.swift */; };
		86DF3D022335127D00CE2A86 /* StarWarsAPIError.swift in Sources */ = {isa = PBXBuildFile; fileRef = 86DF3D012335127D00CE2A86 /* StarWarsAPIError.swift */; };
/* End PBXBuildFile section */

/* Begin PBXFileReference section */
		864030292330602B00EE6881 /* CharacterViewModel.swift */ = {isa = PBXFileReference; lastKnownFileType = sourcecode.swift; path = CharacterViewModel.swift; sourceTree = "<group>"; };
		8640302B2330609600EE6881 /* Planet.swift */ = {isa = PBXFileReference; lastKnownFileType = sourcecode.swift; path = Planet.swift; sourceTree = "<group>"; };
		8640302D233060CF00EE6881 /* CraftType.swift */ = {isa = PBXFileReference; lastKnownFileType = sourcecode.swift; path = CraftType.swift; sourceTree = "<group>"; };
		8640302F233060EE00EE6881 /* Craft.swift */ = {isa = PBXFileReference; lastKnownFileType = sourcecode.swift; path = Craft.swift; sourceTree = "<group>"; };
		864030312330611F00EE6881 /* CraftViewModel.swift */ = {isa = PBXFileReference; lastKnownFileType = sourcecode.swift; path = CraftViewModel.swift; sourceTree = "<group>"; };
		86907264232F969900D715E0 /* Character.swift */ = {isa = PBXFileReference; lastKnownFileType = sourcecode.swift; path = Character.swift; sourceTree = "<group>"; };
		86907266232F976200D715E0 /* Vehicle.swift */ = {isa = PBXFileReference; lastKnownFileType = sourcecode.swift; path = Vehicle.swift; sourceTree = "<group>"; };
		86907269232F982300D715E0 /* Starship.swift */ = {isa = PBXFileReference; lastKnownFileType = sourcecode.swift; path = Starship.swift; sourceTree = "<group>"; };
		86B609B4232F0B8000298EEA /* theAPIAwakens.app */ = {isa = PBXFileReference; explicitFileType = wrapper.application; includeInIndex = 0; path = theAPIAwakens.app; sourceTree = BUILT_PRODUCTS_DIR; };
		86B609B7232F0B8000298EEA /* AppDelegate.swift */ = {isa = PBXFileReference; lastKnownFileType = sourcecode.swift; path = AppDelegate.swift; sourceTree = "<group>"; };
		86B609B9232F0B8000298EEA /* ViewController.swift */ = {isa = PBXFileReference; lastKnownFileType = sourcecode.swift; path = ViewController.swift; sourceTree = "<group>"; };
		86B609BC232F0B8000298EEA /* Base */ = {isa = PBXFileReference; lastKnownFileType = file.storyboard; name = Base; path = Base.lproj/Main.storyboard; sourceTree = "<group>"; };
		86B609BE232F0B8200298EEA /* Assets.xcassets */ = {isa = PBXFileReference; lastKnownFileType = folder.assetcatalog; path = Assets.xcassets; sourceTree = "<group>"; };
		86B609C1232F0B8200298EEA /* Base */ = {isa = PBXFileReference; lastKnownFileType = file.storyboard; name = Base; path = Base.lproj/LaunchScreen.storyboard; sourceTree = "<group>"; };
		86B609C3232F0B8200298EEA /* Info.plist */ = {isa = PBXFileReference; lastKnownFileType = text.plist.xml; path = Info.plist; sourceTree = "<group>"; };
		86DF3CFD233511ED00CE2A86 /* StarWarsAPIClient.swift */ = {isa = PBXFileReference; lastKnownFileType = sourcecode.swift; path = StarWarsAPIClient.swift; sourceTree = "<group>"; };
		86DF3CFF2335125500CE2A86 /* Endpoint.swift */ = {isa = PBXFileReference; lastKnownFileType = sourcecode.swift; path = Endpoint.swift; sourceTree = "<group>"; };
		86DF3D012335127D00CE2A86 /* StarWarsAPIError.swift */ = {isa = PBXFileReference; lastKnownFileType = sourcecode.swift; path = StarWarsAPIError.swift; sourceTree = "<group>"; };
/* End PBXFileReference section */

/* Begin PBXFrameworksBuildPhase section */
		86B609B1232F0B8000298EEA /* Frameworks */ = {
			isa = PBXFrameworksBuildPhase;
			buildActionMask = 2147483647;
			files = (
			);
			runOnlyForDeploymentPostprocessing = 0;
		};
/* End PBXFrameworksBuildPhase section */

/* Begin PBXGroup section */
		864030282330600900EE6881 /* View */ = {
			isa = PBXGroup;
			children = (
				864030292330602B00EE6881 /* CharacterViewModel.swift */,
				864030312330611F00EE6881 /* CraftViewModel.swift */,
			);
			path = View;
			sourceTree = "<group>";
		};
		865F2C3D2332F09F00310B98 /* Network */ = {
			isa = PBXGroup;
			children = (
				86DF3CFD233511ED00CE2A86 /* StarWarsAPIClient.swift */,
				86DF3CFF2335125500CE2A86 /* Endpoint.swift */,
			);
			path = Network;
			sourceTree = "<group>";
		};
		865F2C402332F0F500310B98 /* Error */ = {
			isa = PBXGroup;
			children = (
				86DF3D012335127D00CE2A86 /* StarWarsAPIError.swift */,
			);
			path = Error;
			sourceTree = "<group>";
		};
		86907268232F97E200D715E0 /* Model */ = {
			isa = PBXGroup;
			children = (
				86907264232F969900D715E0 /* Character.swift */,
				8640302F233060EE00EE6881 /* Craft.swift */,
				86907266232F976200D715E0 /* Vehicle.swift */,
				86907269232F982300D715E0 /* Starship.swift */,
				8640302B2330609600EE6881 /* Planet.swift */,
				8640302D233060CF00EE6881 /* CraftType.swift */,
			);
			path = Model;
			sourceTree = "<group>";
		};
		86B609AB232F0B8000298EEA = {
			isa = PBXGroup;
			children = (
				86B609B6232F0B8000298EEA /* theAPIAwakens */,
				86B609B5232F0B8000298EEA /* Products */,
			);
			sourceTree = "<group>";
		};
		86B609B5232F0B8000298EEA /* Products */ = {
			isa = PBXGroup;
			children = (
				86B609B4232F0B8000298EEA /* theAPIAwakens.app */,
			);
			name = Products;
			sourceTree = "<group>";
		};
		86B609B6232F0B8000298EEA /* theAPIAwakens */ = {
			isa = PBXGroup;
			children = (
				864030282330600900EE6881 /* View */,
				86B609B7232F0B8000298EEA /* AppDelegate.swift */,
				86B609B9232F0B8000298EEA /* ViewController.swift */,
				86B609BB232F0B8000298EEA /* Main.storyboard */,
				86907268232F97E200D715E0 /* Model */,
				865F2C3D2332F09F00310B98 /* Network */,
				865F2C402332F0F500310B98 /* Error */,
				86B609BE232F0B8200298EEA /* Assets.xcassets */,
				86B609C0232F0B8200298EEA /* LaunchScreen.storyboard */,
				86B609C3232F0B8200298EEA /* Info.plist */,
			);
			path = theAPIAwakens;
			sourceTree = "<group>";
		};
/* End PBXGroup section */

/* Begin PBXNativeTarget section */
		86B609B3232F0B8000298EEA /* theAPIAwakens */ = {
			isa = PBXNativeTarget;
			buildConfigurationList = 86B609C6232F0B8200298EEA /* Build configuration list for PBXNativeTarget "theAPIAwakens" */;
			buildPhases = (
				86B609B0232F0B8000298EEA /* Sources */,
				86B609B1232F0B8000298EEA /* Frameworks */,
				86B609B2232F0B8000298EEA /* Resources */,
			);
			buildRules = (
			);
			dependencies = (
			);
			name = theAPIAwakens;
			productName = theAPIAwakens;
			productReference = 86B609B4232F0B8000298EEA /* theAPIAwakens.app */;
			productType = "com.apple.product-type.application";
		};
/* End PBXNativeTarget section */

/* Begin PBXProject section */
		86B609AC232F0B8000298EEA /* Project object */ = {
			isa = PBXProject;
			attributes = {
				LastSwiftUpdateCheck = 1020;
				LastUpgradeCheck = 1020;
				ORGANIZATIONNAME = "Gavin Butler";
				TargetAttributes = {
					86B609B3232F0B8000298EEA = {
						CreatedOnToolsVersion = 10.2.1;
					};
				};
			};
			buildConfigurationList = 86B609AF232F0B8000298EEA /* Build configuration list for PBXProject "theAPIAwakens" */;
			compatibilityVersion = "Xcode 9.3";
			developmentRegion = en;
			hasScannedForEncodings = 0;
			knownRegions = (
				en,
				Base,
			);
			mainGroup = 86B609AB232F0B8000298EEA;
			productRefGroup = 86B609B5232F0B8000298EEA /* Products */;
			projectDirPath = "";
			projectRoot = "";
			targets = (
				86B609B3232F0B8000298EEA /* theAPIAwakens */,
			);
		};
/* End PBXProject section */

/* Begin PBXResourcesBuildPhase section */
		86B609B2232F0B8000298EEA /* Resources */ = {
			isa = PBXResourcesBuildPhase;
			buildActionMask = 2147483647;
			files = (
				86B609C2232F0B8200298EEA /* LaunchScreen.storyboard in Resources */,
				86B609BF232F0B8200298EEA /* Assets.xcassets in Resources */,
				86B609BD232F0B8000298EEA /* Main.storyboard in Resources */,
			);
			runOnlyForDeploymentPostprocessing = 0;
		};
/* End PBXResourcesBuildPhase section */

/* Begin PBXSourcesBuildPhase section */
		86B609B0232F0B8000298EEA /* Sources */ = {
			isa = PBXSourcesBuildPhase;
			buildActionMask = 2147483647;
			files = (
				86DF3D002335125500CE2A86 /* Endpoint.swift in Sources */,
				86907267232F976200D715E0 /* Vehicle.swift in Sources */,
				8690726A232F982300D715E0 /* Starship.swift in Sources */,
				86403030233060EE00EE6881 /* Craft.swift in Sources */,
				86DF3CFE233511ED00CE2A86 /* StarWarsAPIClient.swift in Sources */,
				86907265232F969900D715E0 /* Character.swift in Sources */,
				86B609BA232F0B8000298EEA /* ViewController.swift in Sources */,
				864030322330611F00EE6881 /* CraftViewModel.swift in Sources */,
				8640302E233060CF00EE6881 /* CraftType.swift in Sources */,
				8640302C2330609600EE6881 /* Planet.swift in Sources */,
				8640302A2330602B00EE6881 /* CharacterViewModel.swift in Sources */,
				86B609B8232F0B8000298EEA /* AppDelegate.swift in Sources */,
				86DF3D022335127D00CE2A86 /* StarWarsAPIError.swift in Sources */,
			);
			runOnlyForDeploymentPostprocessing = 0;
		};
/* End PBXSourcesBuildPhase section */

/* Begin PBXVariantGroup section */
		86B609BB232F0B8000298EEA /* Main.storyboard */ = {
			isa = PBXVariantGroup;
			children = (
				86B609BC232F0B8000298EEA /* Base */,
			);
			name = Main.storyboard;
			sourceTree = "<group>";
		};
		86B609C0232F0B8200298EEA /* LaunchScreen.storyboard */ = {
			isa = PBXVariantGroup;
			children = (
				86B609C1232F0B8200298EEA /* Base */,
			);
			name = LaunchScreen.storyboard;
			sourceTree = "<group>";
		};
/* End PBXVariantGroup section */

/* Begin XCBuildConfiguration section */
		86B609C4232F0B8200298EEA /* Debug */ = {
			isa = XCBuildConfiguration;
			buildSettings = {
				ALWAYS_SEARCH_USER_PATHS = NO;
				CLANG_ANALYZER_NONNULL = YES;
				CLANG_ANALYZER_NUMBER_OBJECT_CONVERSION = YES_AGGRESSIVE;
				CLANG_CXX_LANGUAGE_STANDARD = "gnu++14";
				CLANG_CXX_LIBRARY = "libc++";
				CLANG_ENABLE_MODULES = YES;
				CLANG_ENABLE_OBJC_ARC = YES;
				CLANG_ENABLE_OBJC_WEAK = YES;
				CLANG_WARN_BLOCK_CAPTURE_AUTORELEASING = YES;
				CLANG_WARN_BOOL_CONVERSION = YES;
				CLANG_WARN_COMMA = YES;
				CLANG_WARN_CONSTANT_CONVERSION = YES;
				CLANG_WARN_DEPRECATED_OBJC_IMPLEMENTATIONS = YES;
				CLANG_WARN_DIRECT_OBJC_ISA_USAGE = YES_ERROR;
				CLANG_WARN_DOCUMENTATION_COMMENTS = YES;
				CLANG_WARN_EMPTY_BODY = YES;
				CLANG_WARN_ENUM_CONVERSION = YES;
				CLANG_WARN_INFINITE_RECURSION = YES;
				CLANG_WARN_INT_CONVERSION = YES;
				CLANG_WARN_NON_LITERAL_NULL_CONVERSION = YES;
				CLANG_WARN_OBJC_IMPLICIT_RETAIN_SELF = YES;
				CLANG_WARN_OBJC_LITERAL_CONVERSION = YES;
				CLANG_WARN_OBJC_ROOT_CLASS = YES_ERROR;
				CLANG_WARN_RANGE_LOOP_ANALYSIS = YES;
				CLANG_WARN_STRICT_PROTOTYPES = YES;
				CLANG_WARN_SUSPICIOUS_MOVE = YES;
				CLANG_WARN_UNGUARDED_AVAILABILITY = YES_AGGRESSIVE;
				CLANG_WARN_UNREACHABLE_CODE = YES;
				CLANG_WARN__DUPLICATE_METHOD_MATCH = YES;
				CODE_SIGN_IDENTITY = "iPhone Developer";
				COPY_PHASE_STRIP = NO;
				DEBUG_INFORMATION_FORMAT = dwarf;
				ENABLE_STRICT_OBJC_MSGSEND = YES;
				ENABLE_TESTABILITY = YES;
				GCC_C_LANGUAGE_STANDARD = gnu11;
				GCC_DYNAMIC_NO_PIC = NO;
				GCC_NO_COMMON_BLOCKS = YES;
				GCC_OPTIMIZATION_LEVEL = 0;
				GCC_PREPROCESSOR_DEFINITIONS = (
					"DEBUG=1",
					"$(inherited)",
				);
				GCC_WARN_64_TO_32_BIT_CONVERSION = YES;
				GCC_WARN_ABOUT_RETURN_TYPE = YES_ERROR;
				GCC_WARN_UNDECLARED_SELECTOR = YES;
				GCC_WARN_UNINITIALIZED_AUTOS = YES_AGGRESSIVE;
				GCC_WARN_UNUSED_FUNCTION = YES;
				GCC_WARN_UNUSED_VARIABLE = YES;
				IPHONEOS_DEPLOYMENT_TARGET = 12.2;
				MTL_ENABLE_DEBUG_INFO = INCLUDE_SOURCE;
				MTL_FAST_MATH = YES;
				ONLY_ACTIVE_ARCH = YES;
				SDKROOT = iphoneos;
				SWIFT_ACTIVE_COMPILATION_CONDITIONS = DEBUG;
				SWIFT_OPTIMIZATION_LEVEL = "-Onone";
			};
			name = Debug;
		};
		86B609C5232F0B8200298EEA /* Release */ = {
			isa = XCBuildConfiguration;
			buildSettings = {
				ALWAYS_SEARCH_USER_PATHS = NO;
				CLANG_ANALYZER_NONNULL = YES;
				CLANG_ANALYZER_NUMBER_OBJECT_CONVERSION = YES_AGGRESSIVE;
				CLANG_CXX_LANGUAGE_STANDARD = "gnu++14";
				CLANG_CXX_LIBRARY = "libc++";
				CLANG_ENABLE_MODULES = YES;
				CLANG_ENABLE_OBJC_ARC = YES;
				CLANG_ENABLE_OBJC_WEAK = YES;
				CLANG_WARN_BLOCK_CAPTURE_AUTORELEASING = YES;
				CLANG_WARN_BOOL_CONVERSION = YES;
				CLANG_WARN_COMMA = YES;
				CLANG_WARN_CONSTANT_CONVERSION = YES;
				CLANG_WARN_DEPRECATED_OBJC_IMPLEMENTATIONS = YES;
				CLANG_WARN_DIRECT_OBJC_ISA_USAGE = YES_ERROR;
				CLANG_WARN_DOCUMENTATION_COMMENTS = YES;
				CLANG_WARN_EMPTY_BODY = YES;
				CLANG_WARN_ENUM_CONVERSION = YES;
				CLANG_WARN_INFINITE_RECURSION = YES;
				CLANG_WARN_INT_CONVERSION = YES;
				CLANG_WARN_NON_LITERAL_NULL_CONVERSION = YES;
				CLANG_WARN_OBJC_IMPLICIT_RETAIN_SELF = YES;
				CLANG_WARN_OBJC_LITERAL_CONVERSION = YES;
				CLANG_WARN_OBJC_ROOT_CLASS = YES_ERROR;
				CLANG_WARN_RANGE_LOOP_ANALYSIS = YES;
				CLANG_WARN_STRICT_PROTOTYPES = YES;
				CLANG_WARN_SUSPICIOUS_MOVE = YES;
				CLANG_WARN_UNGUARDED_AVAILABILITY = YES_AGGRESSIVE;
				CLANG_WARN_UNREACHABLE_CODE = YES;
				CLANG_WARN__DUPLICATE_METHOD_MATCH = YES;
				CODE_SIGN_IDENTITY = "iPhone Developer";
				COPY_PHASE_STRIP = NO;
				DEBUG_INFORMATION_FORMAT = "dwarf-with-dsym";
				ENABLE_NS_ASSERTIONS = NO;
				ENABLE_STRICT_OBJC_MSGSEND = YES;
				GCC_C_LANGUAGE_STANDARD = gnu11;
				GCC_NO_COMMON_BLOCKS = YES;
				GCC_WARN_64_TO_32_BIT_CONVERSION = YES;
				GCC_WARN_ABOUT_RETURN_TYPE = YES_ERROR;
				GCC_WARN_UNDECLARED_SELECTOR = YES;
				GCC_WARN_UNINITIALIZED_AUTOS = YES_AGGRESSIVE;
				GCC_WARN_UNUSED_FUNCTION = YES;
				GCC_WARN_UNUSED_VARIABLE = YES;
				IPHONEOS_DEPLOYMENT_TARGET = 12.2;
				MTL_ENABLE_DEBUG_INFO = NO;
				MTL_FAST_MATH = YES;
				SDKROOT = iphoneos;
				SWIFT_COMPILATION_MODE = wholemodule;
				SWIFT_OPTIMIZATION_LEVEL = "-O";
				VALIDATE_PRODUCT = YES;
			};
			name = Release;
		};
		86B609C7232F0B8200298EEA /* Debug */ = {
			isa = XCBuildConfiguration;
			buildSettings = {
				ASSETCATALOG_COMPILER_APPICON_NAME = AppIcon;
				CODE_SIGN_STYLE = Automatic;
				DEVELOPMENT_TEAM = JJ2D2HE2JS;
				INFOPLIST_FILE = theAPIAwakens/Info.plist;
				LD_RUNPATH_SEARCH_PATHS = (
					"$(inherited)",
					"@executable_path/Frameworks",
				);
				PRODUCT_BUNDLE_IDENTIFIER = "gavin.butler01-bigpond.com.theAPIAwakens";
				PRODUCT_NAME = "$(TARGET_NAME)";
				SWIFT_VERSION = 5.0;
				TARGETED_DEVICE_FAMILY = "1,2";
			};
			name = Debug;
		};
		86B609C8232F0B8200298EEA /* Release */ = {
			isa = XCBuildConfiguration;
			buildSettings = {
				ASSETCATALOG_COMPILER_APPICON_NAME = AppIcon;
				CODE_SIGN_STYLE = Automatic;
				DEVELOPMENT_TEAM = JJ2D2HE2JS;
				INFOPLIST_FILE = theAPIAwakens/Info.plist;
				LD_RUNPATH_SEARCH_PATHS = (
					"$(inherited)",
					"@executable_path/Frameworks",
				);
				PRODUCT_BUNDLE_IDENTIFIER = "gavin.butler01-bigpond.com.theAPIAwakens";
				PRODUCT_NAME = "$(TARGET_NAME)";
				SWIFT_VERSION = 5.0;
				TARGETED_DEVICE_FAMILY = "1,2";
			};
			name = Release;
		};
/* End XCBuildConfiguration section */

/* Begin XCConfigurationList section */
		86B609AF232F0B8000298EEA /* Build configuration list for PBXProject "theAPIAwakens" */ = {
			isa = XCConfigurationList;
			buildConfigurations = (
				86B609C4232F0B8200298EEA /* Debug */,
				86B609C5232F0B8200298EEA /* Release */,
			);
			defaultConfigurationIsVisible = 0;
			defaultConfigurationName = Release;
		};
		86B609C6232F0B8200298EEA /* Build configuration list for PBXNativeTarget "theAPIAwakens" */ = {
			isa = XCConfigurationList;
			buildConfigurations = (
				86B609C7232F0B8200298EEA /* Debug */,
				86B609C8232F0B8200298EEA /* Release */,
			);
			defaultConfigurationIsVisible = 0;
			defaultConfigurationName = Release;
		};
/* End XCConfigurationList section */
	};
	rootObject = 86B609AC232F0B8000298EEA /* Project object */;
}
